// !$*UTF8*$!
{
	archiveVersion = 1;
	classes = {
	};
	objectVersion = 56;
	objects = {

/* Begin PBXBuildFile section */
		7CF051592BDA364400363F8B /* PhotoNamerApp.swift in Sources */ = {isa = PBXBuildFile; fileRef = 7CF051582BDA364400363F8B /* PhotoNamerApp.swift */; };
		7CF0515B2BDA364400363F8B /* ContentView.swift in Sources */ = {isa = PBXBuildFile; fileRef = 7CF0515A2BDA364400363F8B /* ContentView.swift */; };
		7CF0515D2BDA364700363F8B /* Assets.xcassets in Resources */ = {isa = PBXBuildFile; fileRef = 7CF0515C2BDA364700363F8B /* Assets.xcassets */; };
		7CF051602BDA364700363F8B /* Preview Assets.xcassets in Resources */ = {isa = PBXBuildFile; fileRef = 7CF0515F2BDA364700363F8B /* Preview Assets.xcassets */; };
		7CF051672BDA3BCB00363F8B /* PhotoViewModel.swift in Sources */ = {isa = PBXBuildFile; fileRef = 7CF051662BDA3BCA00363F8B /* PhotoViewModel.swift */; };
		7CF051692BDA3C8600363F8B /* Photo.swift in Sources */ = {isa = PBXBuildFile; fileRef = 7CF051682BDA3C8600363F8B /* Photo.swift */; };
		7CF0516B2BDA581E00363F8B /* AddView.swift in Sources */ = {isa = PBXBuildFile; fileRef = 7CF0516A2BDA581E00363F8B /* AddView.swift */; };
		7CF0516D2BDA596F00363F8B /* AddViewModel.swift in Sources */ = {isa = PBXBuildFile; fileRef = 7CF0516C2BDA596F00363F8B /* AddViewModel.swift */; };
		7CF051702BDB8FF700363F8B /* LocationFetcher.swift in Sources */ = {isa = PBXBuildFile; fileRef = 7CF0516F2BDB8FF700363F8B /* LocationFetcher.swift */; };
		7CF051722BDBC1D500363F8B /* DetailView.swift in Sources */ = {isa = PBXBuildFile; fileRef = 7CF051712BDBC1D500363F8B /* DetailView.swift */; };
/* End PBXBuildFile section */

/* Begin PBXFileReference section */
		7CF051552BDA364400363F8B /* PhotoNamer.app */ = {isa = PBXFileReference; explicitFileType = wrapper.application; includeInIndex = 0; path = PhotoNamer.app; sourceTree = BUILT_PRODUCTS_DIR; };
		7CF051582BDA364400363F8B /* PhotoNamerApp.swift */ = {isa = PBXFileReference; lastKnownFileType = sourcecode.swift; path = PhotoNamerApp.swift; sourceTree = "<group>"; };
		7CF0515A2BDA364400363F8B /* ContentView.swift */ = {isa = PBXFileReference; lastKnownFileType = sourcecode.swift; path = ContentView.swift; sourceTree = "<group>"; };
		7CF0515C2BDA364700363F8B /* Assets.xcassets */ = {isa = PBXFileReference; lastKnownFileType = folder.assetcatalog; path = Assets.xcassets; sourceTree = "<group>"; };
		7CF0515F2BDA364700363F8B /* Preview Assets.xcassets */ = {isa = PBXFileReference; lastKnownFileType = folder.assetcatalog; path = "Preview Assets.xcassets"; sourceTree = "<group>"; };
		7CF051662BDA3BCA00363F8B /* PhotoViewModel.swift */ = {isa = PBXFileReference; lastKnownFileType = sourcecode.swift; path = PhotoViewModel.swift; sourceTree = "<group>"; };
		7CF051682BDA3C8600363F8B /* Photo.swift */ = {isa = PBXFileReference; lastKnownFileType = sourcecode.swift; path = Photo.swift; sourceTree = "<group>"; };
		7CF0516A2BDA581E00363F8B /* AddView.swift */ = {isa = PBXFileReference; lastKnownFileType = sourcecode.swift; path = AddView.swift; sourceTree = "<group>"; };
		7CF0516C2BDA596F00363F8B /* AddViewModel.swift */ = {isa = PBXFileReference; lastKnownFileType = sourcecode.swift; path = AddViewModel.swift; sourceTree = "<group>"; };
		7CF0516E2BDB8F2900363F8B /* Info.plist */ = {isa = PBXFileReference; lastKnownFileType = text.plist; path = Info.plist; sourceTree = "<group>"; };
		7CF0516F2BDB8FF700363F8B /* LocationFetcher.swift */ = {isa = PBXFileReference; lastKnownFileType = sourcecode.swift; path = LocationFetcher.swift; sourceTree = "<group>"; };
		7CF051712BDBC1D500363F8B /* DetailView.swift */ = {isa = PBXFileReference; lastKnownFileType = sourcecode.swift; path = DetailView.swift; sourceTree = "<group>"; };
/* End PBXFileReference section */

/* Begin PBXFrameworksBuildPhase section */
		7CF051522BDA364400363F8B /* Frameworks */ = {
			isa = PBXFrameworksBuildPhase;
			buildActionMask = 2147483647;
			files = (
			);
			runOnlyForDeploymentPostprocessing = 0;
		};
/* End PBXFrameworksBuildPhase section */

/* Begin PBXGroup section */
		7CF0514C2BDA364400363F8B = {
			isa = PBXGroup;
			children = (
				7CF051572BDA364400363F8B /* PhotoNamer */,
				7CF051562BDA364400363F8B /* Products */,
			);
			sourceTree = "<group>";
		};
		7CF051562BDA364400363F8B /* Products */ = {
			isa = PBXGroup;
			children = (
				7CF051552BDA364400363F8B /* PhotoNamer.app */,
			);
			name = Products;
			sourceTree = "<group>";
		};
		7CF051572BDA364400363F8B /* PhotoNamer */ = {
			isa = PBXGroup;
			children = (
				7CF0516E2BDB8F2900363F8B /* Info.plist */,
				7CF051582BDA364400363F8B /* PhotoNamerApp.swift */,
				7CF0515A2BDA364400363F8B /* ContentView.swift */,
				7CF0516A2BDA581E00363F8B /* AddView.swift */,
				7CF0516F2BDB8FF700363F8B /* LocationFetcher.swift */,
				7CF0516C2BDA596F00363F8B /* AddViewModel.swift */,
				7CF051662BDA3BCA00363F8B /* PhotoViewModel.swift */,
				7CF051712BDBC1D500363F8B /* DetailView.swift */,
				7CF051682BDA3C8600363F8B /* Photo.swift */,
				7CF0515C2BDA364700363F8B /* Assets.xcassets */,
				7CF0515E2BDA364700363F8B /* Preview Content */,
			);
			path = PhotoNamer;
			sourceTree = "<group>";
		};
		7CF0515E2BDA364700363F8B /* Preview Content */ = {
			isa = PBXGroup;
			children = (
				7CF0515F2BDA364700363F8B /* Preview Assets.xcassets */,
			);
			path = "Preview Content";
			sourceTree = "<group>";
		};
/* End PBXGroup section */

/* Begin PBXNativeTarget section */
		7CF051542BDA364400363F8B /* PhotoNamer */ = {
			isa = PBXNativeTarget;
			buildConfigurationList = 7CF051632BDA364700363F8B /* Build configuration list for PBXNativeTarget "PhotoNamer" */;
			buildPhases = (
				7CF051512BDA364400363F8B /* Sources */,
				7CF051522BDA364400363F8B /* Frameworks */,
				7CF051532BDA364400363F8B /* Resources */,
			);
			buildRules = (
			);
			dependencies = (
			);
			name = PhotoNamer;
			productName = PhotoNamer;
			productReference = 7CF051552BDA364400363F8B /* PhotoNamer.app */;
			productType = "com.apple.product-type.application";
		};
/* End PBXNativeTarget section */

/* Begin PBXProject section */
		7CF0514D2BDA364400363F8B /* Project object */ = {
			isa = PBXProject;
			attributes = {
				BuildIndependentTargetsInParallel = 1;
				LastSwiftUpdateCheck = 1520;
				LastUpgradeCheck = 1520;
				TargetAttributes = {
					7CF051542BDA364400363F8B = {
						CreatedOnToolsVersion = 15.2;
					};
				};
			};
			buildConfigurationList = 7CF051502BDA364400363F8B /* Build configuration list for PBXProject "PhotoNamer" */;
			compatibilityVersion = "Xcode 14.0";
			developmentRegion = en;
			hasScannedForEncodings = 0;
			knownRegions = (
				en,
				Base,
			);
			mainGroup = 7CF0514C2BDA364400363F8B;
			productRefGroup = 7CF051562BDA364400363F8B /* Products */;
			projectDirPath = "";
			projectRoot = "";
			targets = (
				7CF051542BDA364400363F8B /* PhotoNamer */,
			);
		};
/* End PBXProject section */

/* Begin PBXResourcesBuildPhase section */
		7CF051532BDA364400363F8B /* Resources */ = {
			isa = PBXResourcesBuildPhase;
			buildActionMask = 2147483647;
			files = (
				7CF051602BDA364700363F8B /* Preview Assets.xcassets in Resources */,
				7CF0515D2BDA364700363F8B /* Assets.xcassets in Resources */,
			);
			runOnlyForDeploymentPostprocessing = 0;
		};
/* End PBXResourcesBuildPhase section */

/* Begin PBXSourcesBuildPhase section */
		7CF051512BDA364400363F8B /* Sources */ = {
			isa = PBXSourcesBuildPhase;
			buildActionMask = 2147483647;
			files = (
				7CF0516D2BDA596F00363F8B /* AddViewModel.swift in Sources */,
				7CF051722BDBC1D500363F8B /* DetailView.swift in Sources */,
				7CF051692BDA3C8600363F8B /* Photo.swift in Sources */,
				7CF0515B2BDA364400363F8B /* ContentView.swift in Sources */,
				7CF051702BDB8FF700363F8B /* LocationFetcher.swift in Sources */,
				7CF0516B2BDA581E00363F8B /* AddView.swift in Sources */,
				7CF051672BDA3BCB00363F8B /* PhotoViewModel.swift in Sources */,
				7CF051592BDA364400363F8B /* PhotoNamerApp.swift in Sources */,
			);
			runOnlyForDeploymentPostprocessing = 0;
		};
/* End PBXSourcesBuildPhase section */

/* Begin XCBuildConfiguration section */
		7CF051612BDA364700363F8B /* Debug */ = {
			isa = XCBuildConfiguration;
			buildSettings = {
				ALWAYS_SEARCH_USER_PATHS = NO;
				ASSETCATALOG_COMPILER_GENERATE_SWIFT_ASSET_SYMBOL_EXTENSIONS = YES;
				CLANG_ANALYZER_NONNULL = YES;
				CLANG_ANALYZER_NUMBER_OBJECT_CONVERSION = YES_AGGRESSIVE;
				CLANG_CXX_LANGUAGE_STANDARD = "gnu++20";
				CLANG_ENABLE_MODULES = YES;
				CLANG_ENABLE_OBJC_ARC = YES;
				CLANG_ENABLE_OBJC_WEAK = YES;
				CLANG_WARN_BLOCK_CAPTURE_AUTORELEASING = YES;
				CLANG_WARN_BOOL_CONVERSION = YES;
				CLANG_WARN_COMMA = YES;
				CLANG_WARN_CONSTANT_CONVERSION = YES;
				CLANG_WARN_DEPRECATED_OBJC_IMPLEMENTATIONS = YES;
				CLANG_WARN_DIRECT_OBJC_ISA_USAGE = YES_ERROR;
				CLANG_WARN_DOCUMENTATION_COMMENTS = YES;
				CLANG_WARN_EMPTY_BODY = YES;
				CLANG_WARN_ENUM_CONVERSION = YES;
				CLANG_WARN_INFINITE_RECURSION = YES;
				CLANG_WARN_INT_CONVERSION = YES;
				CLANG_WARN_NON_LITERAL_NULL_CONVERSION = YES;
				CLANG_WARN_OBJC_IMPLICIT_RETAIN_SELF = YES;
				CLANG_WARN_OBJC_LITERAL_CONVERSION = YES;
				CLANG_WARN_OBJC_ROOT_CLASS = YES_ERROR;
				CLANG_WARN_QUOTED_INCLUDE_IN_FRAMEWORK_HEADER = YES;
				CLANG_WARN_RANGE_LOOP_ANALYSIS = YES;
				CLANG_WARN_STRICT_PROTOTYPES = YES;
				CLANG_WARN_SUSPICIOUS_MOVE = YES;
				CLANG_WARN_UNGUARDED_AVAILABILITY = YES_AGGRESSIVE;
				CLANG_WARN_UNREACHABLE_CODE = YES;
				CLANG_WARN__DUPLICATE_METHOD_MATCH = YES;
				COPY_PHASE_STRIP = NO;
				DEBUG_INFORMATION_FORMAT = dwarf;
				ENABLE_STRICT_OBJC_MSGSEND = YES;
				ENABLE_TESTABILITY = YES;
				ENABLE_USER_SCRIPT_SANDBOXING = YES;
				GCC_C_LANGUAGE_STANDARD = gnu17;
				GCC_DYNAMIC_NO_PIC = NO;
				GCC_NO_COMMON_BLOCKS = YES;
				GCC_OPTIMIZATION_LEVEL = 0;
				GCC_PREPROCESSOR_DEFINITIONS = (
					"DEBUG=1",
					"$(inherited)",
				);
				GCC_WARN_64_TO_32_BIT_CONVERSION = YES;
				GCC_WARN_ABOUT_RETURN_TYPE = YES_ERROR;
				GCC_WARN_UNDECLARED_SELECTOR = YES;
				GCC_WARN_UNINITIALIZED_AUTOS = YES_AGGRESSIVE;
				GCC_WARN_UNUSED_FUNCTION = YES;
				GCC_WARN_UNUSED_VARIABLE = YES;
				IPHONEOS_DEPLOYMENT_TARGET = 17.2;
				LOCALIZATION_PREFERS_STRING_CATALOGS = YES;
				MTL_ENABLE_DEBUG_INFO = INCLUDE_SOURCE;
				MTL_FAST_MATH = YES;
				ONLY_ACTIVE_ARCH = YES;
				SDKROOT = iphoneos;
				SWIFT_ACTIVE_COMPILATION_CONDITIONS = "DEBUG $(inherited)";
				SWIFT_OPTIMIZATION_LEVEL = "-Onone";
			};
			name = Debug;
		};
		7CF051622BDA364700363F8B /* Release */ = {
			isa = XCBuildConfiguration;
			buildSettings = {
				ALWAYS_SEARCH_USER_PATHS = NO;
				ASSETCATALOG_COMPILER_GENERATE_SWIFT_ASSET_SYMBOL_EXTENSIONS = YES;
				CLANG_ANALYZER_NONNULL = YES;
				CLANG_ANALYZER_NUMBER_OBJECT_CONVERSION = YES_AGGRESSIVE;
				CLANG_CXX_LANGUAGE_STANDARD = "gnu++20";
				CLANG_ENABLE_MODULES = YES;
				CLANG_ENABLE_OBJC_ARC = YES;
				CLANG_ENABLE_OBJC_WEAK = YES;
				CLANG_WARN_BLOCK_CAPTURE_AUTORELEASING = YES;
				CLANG_WARN_BOOL_CONVERSION = YES;
				CLANG_WARN_COMMA = YES;
				CLANG_WARN_CONSTANT_CONVERSION = YES;
				CLANG_WARN_DEPRECATED_OBJC_IMPLEMENTATIONS = YES;
				CLANG_WARN_DIRECT_OBJC_ISA_USAGE = YES_ERROR;
				CLANG_WARN_DOCUMENTATION_COMMENTS = YES;
				CLANG_WARN_EMPTY_BODY = YES;
				CLANG_WARN_ENUM_CONVERSION = YES;
				CLANG_WARN_INFINITE_RECURSION = YES;
				CLANG_WARN_INT_CONVERSION = YES;
				CLANG_WARN_NON_LITERAL_NULL_CONVERSION = YES;
				CLANG_WARN_OBJC_IMPLICIT_RETAIN_SELF = YES;
				CLANG_WARN_OBJC_LITERAL_CONVERSION = YES;
				CLANG_WARN_OBJC_ROOT_CLASS = YES_ERROR;
				CLANG_WARN_QUOTED_INCLUDE_IN_FRAMEWORK_HEADER = YES;
				CLANG_WARN_RANGE_LOOP_ANALYSIS = YES;
				CLANG_WARN_STRICT_PROTOTYPES = YES;
				CLANG_WARN_SUSPICIOUS_MOVE = YES;
				CLANG_WARN_UNGUARDED_AVAILABILITY = YES_AGGRESSIVE;
				CLANG_WARN_UNREACHABLE_CODE = YES;
				CLANG_WARN__DUPLICATE_METHOD_MATCH = YES;
				COPY_PHASE_STRIP = NO;
				DEBUG_INFORMATION_FORMAT = "dwarf-with-dsym";
				ENABLE_NS_ASSERTIONS = NO;
				ENABLE_STRICT_OBJC_MSGSEND = YES;
				ENABLE_USER_SCRIPT_SANDBOXING = YES;
				GCC_C_LANGUAGE_STANDARD = gnu17;
				GCC_NO_COMMON_BLOCKS = YES;
				GCC_WARN_64_TO_32_BIT_CONVERSION = YES;
				GCC_WARN_ABOUT_RETURN_TYPE = YES_ERROR;
				GCC_WARN_UNDECLARED_SELECTOR = YES;
				GCC_WARN_UNINITIALIZED_AUTOS = YES_AGGRESSIVE;
				GCC_WARN_UNUSED_FUNCTION = YES;
				GCC_WARN_UNUSED_VARIABLE = YES;
				IPHONEOS_DEPLOYMENT_TARGET = 17.2;
				LOCALIZATION_PREFERS_STRING_CATALOGS = YES;
				MTL_ENABLE_DEBUG_INFO = NO;
				MTL_FAST_MATH = YES;
				SDKROOT = iphoneos;
				SWIFT_COMPILATION_MODE = wholemodule;
				VALIDATE_PRODUCT = YES;
			};
			name = Release;
		};
		7CF051642BDA364700363F8B /* Debug */ = {
			isa = XCBuildConfiguration;
			buildSettings = {
				ASSETCATALOG_COMPILER_APPICON_NAME = AppIcon;
				ASSETCATALOG_COMPILER_GLOBAL_ACCENT_COLOR_NAME = AccentColor;
				CODE_SIGN_STYLE = Automatic;
				CURRENT_PROJECT_VERSION = 1;
				DEVELOPMENT_ASSET_PATHS = "\"PhotoNamer/Preview Content\"";
				DEVELOPMENT_TEAM = Y93CNC44J9;
				ENABLE_PREVIEWS = YES;
				GENERATE_INFOPLIST_FILE = YES;
				INFOPLIST_FILE = PhotoNamer/Info.plist;
				INFOPLIST_KEY_NSLocationWhenInUseUsageDescription = "The location is required to tag where the user";
				INFOPLIST_KEY_UIApplicationSceneManifest_Generation = YES;
				INFOPLIST_KEY_UIApplicationSupportsIndirectInputEvents = YES;
				INFOPLIST_KEY_UILaunchScreen_Generation = YES;
				INFOPLIST_KEY_UISupportedInterfaceOrientations_iPad = "UIInterfaceOrientationPortrait UIInterfaceOrientationPortraitUpsideDown UIInterfaceOrientationLandscapeLeft UIInterfaceOrientationLandscapeRight";
				INFOPLIST_KEY_UISupportedInterfaceOrientations_iPhone = "UIInterfaceOrientationPortrait UIInterfaceOrientationLandscapeLeft UIInterfaceOrientationLandscapeRight";
				LD_RUNPATH_SEARCH_PATHS = (
					"$(inherited)",
					"@executable_path/Frameworks",
				);
				MARKETING_VERSION = 1.0;
				PRODUCT_BUNDLE_IDENTIFIER = com.chenlw.PhotoNamer;
				PRODUCT_NAME = "$(TARGET_NAME)";
				SWIFT_EMIT_LOC_STRINGS = YES;
				SWIFT_VERSION = 5.0;
				TARGETED_DEVICE_FAMILY = "1,2";
			};
			name = Debug;
		};
		7CF051652BDA364700363F8B /* Release */ = {
			isa = XCBuildConfiguration;
			buildSettings = {
				ASSETCATALOG_COMPILER_APPICON_NAME = AppIcon;
				ASSETCATALOG_COMPILER_GLOBAL_ACCENT_COLOR_NAME = AccentColor;
				CODE_SIGN_STYLE = Automatic;
				CURRENT_PROJECT_VERSION = 1;
				DEVELOPMENT_ASSET_PATHS = "\"PhotoNamer/Preview Content\"";
				DEVELOPMENT_TEAM = Y93CNC44J9;
				ENABLE_PREVIEWS = YES;
				GENERATE_INFOPLIST_FILE = YES;
				INFOPLIST_FILE = PhotoNamer/Info.plist;
				INFOPLIST_KEY_NSLocationWhenInUseUsageDescription = "The location is required to tag where the user";
				INFOPLIST_KEY_UIApplicationSceneManifest_Generation = YES;
				INFOPLIST_KEY_UIApplicationSupportsIndirectInputEvents = YES;
				INFOPLIST_KEY_UILaunchScreen_Generation = YES;
				INFOPLIST_KEY_UISupportedInterfaceOrientations_iPad = "UIInterfaceOrientationPortrait UIInterfaceOrientationPortraitUpsideDown UIInterfaceOrientationLandscapeLeft UIInterfaceOrientationLandscapeRight";
				INFOPLIST_KEY_UISupportedInterfaceOrientations_iPhone = "UIInterfaceOrientationPortrait UIInterfaceOrientationLandscapeLeft UIInterfaceOrientationLandscapeRight";
				LD_RUNPATH_SEARCH_PATHS = (
					"$(inherited)",
					"@executable_path/Frameworks",
				);
				MARKETING_VERSION = 1.0;
				PRODUCT_BUNDLE_IDENTIFIER = com.chenlw.PhotoNamer;
				PRODUCT_NAME = "$(TARGET_NAME)";
				SWIFT_EMIT_LOC_STRINGS = YES;
				SWIFT_VERSION = 5.0;
				TARGETED_DEVICE_FAMILY = "1,2";
			};
			name = Release;
		};
/* End XCBuildConfiguration section */

/* Begin XCConfigurationList section */
		7CF051502BDA364400363F8B /* Build configuration list for PBXProject "PhotoNamer" */ = {
			isa = XCConfigurationList;
			buildConfigurations = (
				7CF051612BDA364700363F8B /* Debug */,
				7CF051622BDA364700363F8B /* Release */,
			);
			defaultConfigurationIsVisible = 0;
			defaultConfigurationName = Release;
		};
		7CF051632BDA364700363F8B /* Build configuration list for PBXNativeTarget "PhotoNamer" */ = {
			isa = XCConfigurationList;
			buildConfigurations = (
				7CF051642BDA364700363F8B /* Debug */,
				7CF051652BDA364700363F8B /* Release */,
			);
			defaultConfigurationIsVisible = 0;
			defaultConfigurationName = Release;
		};
/* End XCConfigurationList section */
	};
	rootObject = 7CF0514D2BDA364400363F8B /* Project object */;
}
